
Microsoft Visual Studio Solution File, Format Version 12.00
# Visual Studio 15
VisualStudioVersion = 15.0.26430.14
MinimumVisualStudioVersion = 10.0.40219.1
Project("{2150E333-8FDC-42A3-9474-1A3956D46DE8}") = "src", "src", "{D104D8AF-7779-44A6-869E-6A27A3AAB5EE}"
EndProject
Project("{2150E333-8FDC-42A3-9474-1A3956D46DE8}") = "test", "test", "{00EE6E58-CF11-468B-9519-3474A02FB741}"
EndProject
Project("{2150E333-8FDC-42A3-9474-1A3956D46DE8}") = "samples", "samples", "{68013504-D4B3-4FCC-A3B2-D333A63A0716}"
EndProject
Project("{2150E333-8FDC-42A3-9474-1A3956D46DE8}") = "Solution Items", "Solution Items", "{573C5B36-F61F-4BFA-B16A-D5400FF2CC49}"
	ProjectSection(SolutionItems) = preProject
		Build.ps1 = Build.ps1
		Directory.Build.props = Directory.Build.props
		nuget-push.ps1 = nuget-push.ps1
	EndProjectSection
EndProject
Project("{9A19103F-16F7-4668-BE54-9A1E7A4F7556}") = "Ondo.Logging.Test", "test\Ondo.Logging.Test\Ondo.Logging.Test.csproj", "{C5FEBB3E-9EA8-4764-A54B-5DCB36EAE3B5}"
EndProject
Project("{9A19103F-16F7-4668-BE54-9A1E7A4F7556}") = "Ondo.Logging.Abstractions", "src\Ondo.Logging.Abstractions\Ondo.Logging.Abstractions.csproj", "{FE231C6D-9018-4078-A0FC-5C687080E881}"
EndProject
Project("{9A19103F-16F7-4668-BE54-9A1E7A4F7556}") = "Ondo.Logging", "src\Ondo.Logging\Ondo.Logging.csproj", "{3ADDF20F-A530-4E25-B504-151D6D2745E4}"
EndProject
Project("{9A19103F-16F7-4668-BE54-9A1E7A4F7556}") = "Ondo.Logging.SerilogAdapter", "src\Ondo.Logging.SerilogAdapter\Ondo.Logging.SerilogAdapter.csproj", "{C28E3B98-9A5F-475A-8054-947B774FF887}"
EndProject
Project("{9A19103F-16F7-4668-BE54-9A1E7A4F7556}") = "Ondo.Logging.Desktop", "src\Ondo.Logging.Desktop\Ondo.Logging.Desktop.csproj", "{CF0E5724-7FB0-4CA7-933D-11403D98CFB2}"
EndProject
Project("{9A19103F-16F7-4668-BE54-9A1E7A4F7556}") = "Ondo.Logging.ConsoleApp", "samples\Ondo.Logging.ConsoleApp\Ondo.Logging.ConsoleApp.csproj", "{D089551C-C012-40EE-A1C4-34651B87634A}"
EndProject
Project("{9A19103F-16F7-4668-BE54-9A1E7A4F7556}") = "Ondo.Logging.MvcApp", "samples\Ondo.Logging.MvcApp\Ondo.Logging.MvcApp.csproj", "{A1B9B301-175C-4271-BCFF-3AB015DE1A61}"
EndProject
Project("{FAE04EC0-301F-11D3-BF4B-00C04F79EFBC}") = "Ondo.Logging.WindowsApp", "samples\Ondo.Logging.WindowsApp\Ondo.Logging.WindowsApp.csproj", "{6A8E218D-2714-41D5-8D97-9AFBBB3D2A50}"
EndProject
Project("{FAE04EC0-301F-11D3-BF4B-00C04F79EFBC}") = "Ondo.Logging.ConsoleSimple", "samples\Ondo.Logging.ConsoleSimple\Ondo.Logging.ConsoleSimple.csproj", "{CA6DD8BF-3CE4-43F5-ACA6-F0EB975EC9EA}"
EndProject
Project("{9A19103F-16F7-4668-BE54-9A1E7A4F7556}") = "Ondo.Logging.AspNetCore", "src\Ondo.Logging.AspNetCore\Ondo.Logging.AspNetCore.csproj", "{FDEAE53A-155F-4966-92C8-D747412FCE3B}"
EndProject
Global
	GlobalSection(SolutionConfigurationPlatforms) = preSolution
		Debug|Any CPU = Debug|Any CPU
		net45|Any CPU = net45|Any CPU
		net451|Any CPU = net451|Any CPU
		net46|Any CPU = net46|Any CPU
		netcoreapp1.1|Any CPU = netcoreapp1.1|Any CPU
		Release|Any CPU = Release|Any CPU
	EndGlobalSection
	GlobalSection(ProjectConfigurationPlatforms) = postSolution
		{C5FEBB3E-9EA8-4764-A54B-5DCB36EAE3B5}.Debug|Any CPU.ActiveCfg = Debug|Any CPU
		{C5FEBB3E-9EA8-4764-A54B-5DCB36EAE3B5}.Debug|Any CPU.Build.0 = Debug|Any CPU
		{C5FEBB3E-9EA8-4764-A54B-5DCB36EAE3B5}.net45|Any CPU.ActiveCfg = net46|Any CPU
		{C5FEBB3E-9EA8-4764-A54B-5DCB36EAE3B5}.net45|Any CPU.Build.0 = net46|Any CPU
		{C5FEBB3E-9EA8-4764-A54B-5DCB36EAE3B5}.net451|Any CPU.ActiveCfg = net46|Any CPU
		{C5FEBB3E-9EA8-4764-A54B-5DCB36EAE3B5}.net451|Any CPU.Build.0 = net46|Any CPU
		{C5FEBB3E-9EA8-4764-A54B-5DCB36EAE3B5}.net46|Any CPU.ActiveCfg = net46|Any CPU
		{C5FEBB3E-9EA8-4764-A54B-5DCB36EAE3B5}.net46|Any CPU.Build.0 = net46|Any CPU
		{C5FEBB3E-9EA8-4764-A54B-5DCB36EAE3B5}.netcoreapp1.1|Any CPU.ActiveCfg = net46|Any CPU
		{C5FEBB3E-9EA8-4764-A54B-5DCB36EAE3B5}.netcoreapp1.1|Any CPU.Build.0 = net46|Any CPU
		{C5FEBB3E-9EA8-4764-A54B-5DCB36EAE3B5}.Release|Any CPU.ActiveCfg = Release|Any CPU
		{C5FEBB3E-9EA8-4764-A54B-5DCB36EAE3B5}.Release|Any CPU.Build.0 = Release|Any CPU
		{FE231C6D-9018-4078-A0FC-5C687080E881}.Debug|Any CPU.ActiveCfg = Debug|Any CPU
		{FE231C6D-9018-4078-A0FC-5C687080E881}.Debug|Any CPU.Build.0 = Debug|Any CPU
		{FE231C6D-9018-4078-A0FC-5C687080E881}.net45|Any CPU.ActiveCfg = net45|Any CPU
		{FE231C6D-9018-4078-A0FC-5C687080E881}.net45|Any CPU.Build.0 = net45|Any CPU
		{FE231C6D-9018-4078-A0FC-5C687080E881}.net451|Any CPU.ActiveCfg = net45|Any CPU
		{FE231C6D-9018-4078-A0FC-5C687080E881}.net451|Any CPU.Build.0 = net45|Any CPU
		{FE231C6D-9018-4078-A0FC-5C687080E881}.net46|Any CPU.ActiveCfg = net46|Any CPU
		{FE231C6D-9018-4078-A0FC-5C687080E881}.net46|Any CPU.Build.0 = net46|Any CPU
		{FE231C6D-9018-4078-A0FC-5C687080E881}.netcoreapp1.1|Any CPU.ActiveCfg = net46|Any CPU
		{FE231C6D-9018-4078-A0FC-5C687080E881}.netcoreapp1.1|Any CPU.Build.0 = net46|Any CPU
		{FE231C6D-9018-4078-A0FC-5C687080E881}.Release|Any CPU.ActiveCfg = Release|Any CPU
		{FE231C6D-9018-4078-A0FC-5C687080E881}.Release|Any CPU.Build.0 = Release|Any CPU
		{3ADDF20F-A530-4E25-B504-151D6D2745E4}.Debug|Any CPU.ActiveCfg = Debug|Any CPU
		{3ADDF20F-A530-4E25-B504-151D6D2745E4}.Debug|Any CPU.Build.0 = Debug|Any CPU
		{3ADDF20F-A530-4E25-B504-151D6D2745E4}.net45|Any CPU.ActiveCfg = net46|Any CPU
		{3ADDF20F-A530-4E25-B504-151D6D2745E4}.net45|Any CPU.Build.0 = net46|Any CPU
		{3ADDF20F-A530-4E25-B504-151D6D2745E4}.net451|Any CPU.ActiveCfg = net46|Any CPU
		{3ADDF20F-A530-4E25-B504-151D6D2745E4}.net451|Any CPU.Build.0 = net46|Any CPU
		{3ADDF20F-A530-4E25-B504-151D6D2745E4}.net46|Any CPU.ActiveCfg = net46|Any CPU
		{3ADDF20F-A530-4E25-B504-151D6D2745E4}.net46|Any CPU.Build.0 = net46|Any CPU
		{3ADDF20F-A530-4E25-B504-151D6D2745E4}.netcoreapp1.1|Any CPU.ActiveCfg = net46|Any CPU
		{3ADDF20F-A530-4E25-B504-151D6D2745E4}.netcoreapp1.1|Any CPU.Build.0 = net46|Any CPU
		{3ADDF20F-A530-4E25-B504-151D6D2745E4}.Release|Any CPU.ActiveCfg = Release|Any CPU
		{3ADDF20F-A530-4E25-B504-151D6D2745E4}.Release|Any CPU.Build.0 = Release|Any CPU
		{C28E3B98-9A5F-475A-8054-947B774FF887}.Debug|Any CPU.ActiveCfg = Debug|Any CPU
		{C28E3B98-9A5F-475A-8054-947B774FF887}.Debug|Any CPU.Build.0 = Debug|Any CPU
		{C28E3B98-9A5F-475A-8054-947B774FF887}.net45|Any CPU.ActiveCfg = net46|Any CPU
		{C28E3B98-9A5F-475A-8054-947B774FF887}.net45|Any CPU.Build.0 = net46|Any CPU
		{C28E3B98-9A5F-475A-8054-947B774FF887}.net451|Any CPU.ActiveCfg = net46|Any CPU
		{C28E3B98-9A5F-475A-8054-947B774FF887}.net451|Any CPU.Build.0 = net46|Any CPU
		{C28E3B98-9A5F-475A-8054-947B774FF887}.net46|Any CPU.ActiveCfg = net46|Any CPU
		{C28E3B98-9A5F-475A-8054-947B774FF887}.net46|Any CPU.Build.0 = net46|Any CPU
		{C28E3B98-9A5F-475A-8054-947B774FF887}.netcoreapp1.1|Any CPU.ActiveCfg = net46|Any CPU
		{C28E3B98-9A5F-475A-8054-947B774FF887}.netcoreapp1.1|Any CPU.Build.0 = net46|Any CPU
		{C28E3B98-9A5F-475A-8054-947B774FF887}.Release|Any CPU.ActiveCfg = Release|Any CPU
		{C28E3B98-9A5F-475A-8054-947B774FF887}.Release|Any CPU.Build.0 = Release|Any CPU
		{CF0E5724-7FB0-4CA7-933D-11403D98CFB2}.Debug|Any CPU.ActiveCfg = Debug|Any CPU
		{CF0E5724-7FB0-4CA7-933D-11403D98CFB2}.Debug|Any CPU.Build.0 = Debug|Any CPU
		{CF0E5724-7FB0-4CA7-933D-11403D98CFB2}.net45|Any CPU.ActiveCfg = Release|Any CPU
		{CF0E5724-7FB0-4CA7-933D-11403D98CFB2}.net45|Any CPU.Build.0 = Release|Any CPU
		{CF0E5724-7FB0-4CA7-933D-11403D98CFB2}.net451|Any CPU.ActiveCfg = Release|Any CPU
		{CF0E5724-7FB0-4CA7-933D-11403D98CFB2}.net451|Any CPU.Build.0 = Release|Any CPU
		{CF0E5724-7FB0-4CA7-933D-11403D98CFB2}.net46|Any CPU.ActiveCfg = Release|Any CPU
		{CF0E5724-7FB0-4CA7-933D-11403D98CFB2}.net46|Any CPU.Build.0 = Release|Any CPU
		{CF0E5724-7FB0-4CA7-933D-11403D98CFB2}.netcoreapp1.1|Any CPU.ActiveCfg = Release|Any CPU
		{CF0E5724-7FB0-4CA7-933D-11403D98CFB2}.netcoreapp1.1|Any CPU.Build.0 = Release|Any CPU
		{CF0E5724-7FB0-4CA7-933D-11403D98CFB2}.Release|Any CPU.ActiveCfg = Release|Any CPU
		{CF0E5724-7FB0-4CA7-933D-11403D98CFB2}.Release|Any CPU.Build.0 = Release|Any CPU
		{D089551C-C012-40EE-A1C4-34651B87634A}.Debug|Any CPU.ActiveCfg = Debug|Any CPU
		{D089551C-C012-40EE-A1C4-34651B87634A}.Debug|Any CPU.Build.0 = Debug|Any CPU
		{D089551C-C012-40EE-A1C4-34651B87634A}.net45|Any CPU.ActiveCfg = net451|Any CPU
		{D089551C-C012-40EE-A1C4-34651B87634A}.net45|Any CPU.Build.0 = net451|Any CPU
		{D089551C-C012-40EE-A1C4-34651B87634A}.net451|Any CPU.ActiveCfg = net451|Any CPU
		{D089551C-C012-40EE-A1C4-34651B87634A}.net451|Any CPU.Build.0 = net451|Any CPU
		{D089551C-C012-40EE-A1C4-34651B87634A}.net46|Any CPU.ActiveCfg = net46|Any CPU
		{D089551C-C012-40EE-A1C4-34651B87634A}.net46|Any CPU.Build.0 = net46|Any CPU
		{D089551C-C012-40EE-A1C4-34651B87634A}.netcoreapp1.1|Any CPU.ActiveCfg = netcoreapp1.1|Any CPU
		{D089551C-C012-40EE-A1C4-34651B87634A}.netcoreapp1.1|Any CPU.Build.0 = netcoreapp1.1|Any CPU
		{D089551C-C012-40EE-A1C4-34651B87634A}.Release|Any CPU.ActiveCfg = Release|Any CPU
		{D089551C-C012-40EE-A1C4-34651B87634A}.Release|Any CPU.Build.0 = Release|Any CPU
		{A1B9B301-175C-4271-BCFF-3AB015DE1A61}.Debug|Any CPU.ActiveCfg = Debug|Any CPU
		{A1B9B301-175C-4271-BCFF-3AB015DE1A61}.Debug|Any CPU.Build.0 = Debug|Any CPU
		{A1B9B301-175C-4271-BCFF-3AB015DE1A61}.net45|Any CPU.ActiveCfg = Debug|Any CPU
		{A1B9B301-175C-4271-BCFF-3AB015DE1A61}.net45|Any CPU.Build.0 = Debug|Any CPU
		{A1B9B301-175C-4271-BCFF-3AB015DE1A61}.net451|Any CPU.ActiveCfg = Debug|Any CPU
		{A1B9B301-175C-4271-BCFF-3AB015DE1A61}.net451|Any CPU.Build.0 = Debug|Any CPU
		{A1B9B301-175C-4271-BCFF-3AB015DE1A61}.net46|Any CPU.ActiveCfg = Debug|Any CPU
		{A1B9B301-175C-4271-BCFF-3AB015DE1A61}.net46|Any CPU.Build.0 = Debug|Any CPU
		{A1B9B301-175C-4271-BCFF-3AB015DE1A61}.netcoreapp1.1|Any CPU.ActiveCfg = Debug|Any CPU
		{A1B9B301-175C-4271-BCFF-3AB015DE1A61}.netcoreapp1.1|Any CPU.Build.0 = Debug|Any CPU
		{A1B9B301-175C-4271-BCFF-3AB015DE1A61}.Release|Any CPU.ActiveCfg = Release|Any CPU
		{A1B9B301-175C-4271-BCFF-3AB015DE1A61}.Release|Any CPU.Build.0 = Release|Any CPU
		{6A8E218D-2714-41D5-8D97-9AFBBB3D2A50}.Debug|Any CPU.ActiveCfg = Debug|Any CPU
		{6A8E218D-2714-41D5-8D97-9AFBBB3D2A50}.Debug|Any CPU.Build.0 = Debug|Any CPU
		{6A8E218D-2714-41D5-8D97-9AFBBB3D2A50}.net45|Any CPU.ActiveCfg = Release|Any CPU
		{6A8E218D-2714-41D5-8D97-9AFBBB3D2A50}.net45|Any CPU.Build.0 = Release|Any CPU
		{6A8E218D-2714-41D5-8D97-9AFBBB3D2A50}.net451|Any CPU.ActiveCfg = Release|Any CPU
		{6A8E218D-2714-41D5-8D97-9AFBBB3D2A50}.net451|Any CPU.Build.0 = Release|Any CPU
		{6A8E218D-2714-41D5-8D97-9AFBBB3D2A50}.net46|Any CPU.ActiveCfg = Release|Any CPU
		{6A8E218D-2714-41D5-8D97-9AFBBB3D2A50}.net46|Any CPU.Build.0 = Release|Any CPU
		{6A8E218D-2714-41D5-8D97-9AFBBB3D2A50}.netcoreapp1.1|Any CPU.ActiveCfg = Release|Any CPU
		{6A8E218D-2714-41D5-8D97-9AFBBB3D2A50}.netcoreapp1.1|Any CPU.Build.0 = Release|Any CPU
		{6A8E218D-2714-41D5-8D97-9AFBBB3D2A50}.Release|Any CPU.ActiveCfg = Release|Any CPU
		{6A8E218D-2714-41D5-8D97-9AFBBB3D2A50}.Release|Any CPU.Build.0 = Release|Any CPU
		{CA6DD8BF-3CE4-43F5-ACA6-F0EB975EC9EA}.Debug|Any CPU.ActiveCfg = Debug|Any CPU
		{CA6DD8BF-3CE4-43F5-ACA6-F0EB975EC9EA}.Debug|Any CPU.Build.0 = Debug|Any CPU
		{CA6DD8BF-3CE4-43F5-ACA6-F0EB975EC9EA}.net45|Any CPU.ActiveCfg = Release|Any CPU
		{CA6DD8BF-3CE4-43F5-ACA6-F0EB975EC9EA}.net45|Any CPU.Build.0 = Release|Any CPU
		{CA6DD8BF-3CE4-43F5-ACA6-F0EB975EC9EA}.net451|Any CPU.ActiveCfg = Release|Any CPU
		{CA6DD8BF-3CE4-43F5-ACA6-F0EB975EC9EA}.net451|Any CPU.Build.0 = Release|Any CPU
		{CA6DD8BF-3CE4-43F5-ACA6-F0EB975EC9EA}.net46|Any CPU.ActiveCfg = Release|Any CPU
		{CA6DD8BF-3CE4-43F5-ACA6-F0EB975EC9EA}.net46|Any CPU.Build.0 = Release|Any CPU
		{CA6DD8BF-3CE4-43F5-ACA6-F0EB975EC9EA}.netcoreapp1.1|Any CPU.ActiveCfg = Release|Any CPU
		{CA6DD8BF-3CE4-43F5-ACA6-F0EB975EC9EA}.netcoreapp1.1|Any CPU.Build.0 = Release|Any CPU
		{CA6DD8BF-3CE4-43F5-ACA6-F0EB975EC9EA}.Release|Any CPU.ActiveCfg = Release|Any CPU
		{CA6DD8BF-3CE4-43F5-ACA6-F0EB975EC9EA}.Release|Any CPU.Build.0 = Release|Any CPU
		{FDEAE53A-155F-4966-92C8-D747412FCE3B}.Debug|Any CPU.ActiveCfg = Debug|Any CPU
		{FDEAE53A-155F-4966-92C8-D747412FCE3B}.Debug|Any CPU.Build.0 = Debug|Any CPU
		{FDEAE53A-155F-4966-92C8-D747412FCE3B}.net45|Any CPU.ActiveCfg = Debug|Any CPU
		{FDEAE53A-155F-4966-92C8-D747412FCE3B}.net45|Any CPU.Build.0 = Debug|Any CPU
		{FDEAE53A-155F-4966-92C8-D747412FCE3B}.net451|Any CPU.ActiveCfg = Debug|Any CPU
		{FDEAE53A-155F-4966-92C8-D747412FCE3B}.net451|Any CPU.Build.0 = Debug|Any CPU
		{FDEAE53A-155F-4966-92C8-D747412FCE3B}.net46|Any CPU.ActiveCfg = Debug|Any CPU
		{FDEAE53A-155F-4966-92C8-D747412FCE3B}.net46|Any CPU.Build.0 = Debug|Any CPU
		{FDEAE53A-155F-4966-92C8-D747412FCE3B}.netcoreapp1.1|Any CPU.ActiveCfg = Debug|Any CPU
		{FDEAE53A-155F-4966-92C8-D747412FCE3B}.netcoreapp1.1|Any CPU.Build.0 = Debug|Any CPU
		{FDEAE53A-155F-4966-92C8-D747412FCE3B}.Release|Any CPU.ActiveCfg = Release|Any CPU
		{FDEAE53A-155F-4966-92C8-D747412FCE3B}.Release|Any CPU.Build.0 = Release|Any CPU
	EndGlobalSection
	GlobalSection(SolutionProperties) = preSolution
		HideSolutionNode = FALSE
	EndGlobalSection
	GlobalSection(NestedProjects) = preSolution
		{C5FEBB3E-9EA8-4764-A54B-5DCB36EAE3B5} = {00EE6E58-CF11-468B-9519-3474A02FB741}
		{FE231C6D-9018-4078-A0FC-5C687080E881} = {D104D8AF-7779-44A6-869E-6A27A3AAB5EE}
		{3ADDF20F-A530-4E25-B504-151D6D2745E4} = {D104D8AF-7779-44A6-869E-6A27A3AAB5EE}
		{C28E3B98-9A5F-475A-8054-947B774FF887} = {D104D8AF-7779-44A6-869E-6A27A3AAB5EE}
		{CF0E5724-7FB0-4CA7-933D-11403D98CFB2} = {D104D8AF-7779-44A6-869E-6A27A3AAB5EE}
		{D089551C-C012-40EE-A1C4-34651B87634A} = {68013504-D4B3-4FCC-A3B2-D333A63A0716}
		{A1B9B301-175C-4271-BCFF-3AB015DE1A61} = {68013504-D4B3-4FCC-A3B2-D333A63A0716}
		{6A8E218D-2714-41D5-8D97-9AFBBB3D2A50} = {68013504-D4B3-4FCC-A3B2-D333A63A0716}
		{CA6DD8BF-3CE4-43F5-ACA6-F0EB975EC9EA} = {68013504-D4B3-4FCC-A3B2-D333A63A0716}
		{FDEAE53A-155F-4966-92C8-D747412FCE3B} = {D104D8AF-7779-44A6-869E-6A27A3AAB5EE}
	EndGlobalSection
EndGlobal
